
Microsoft Visual Studio Solution File, Format Version 12.00
# Visual Studio 15
VisualStudioVersion = 15.0.28307.1022
MinimumVisualStudioVersion = 10.0.40219.1
Project("{FAE04EC0-301F-11D3-BF4B-00C04F79EFBC}") = "Task1", "Task1\Task1.csproj", "{C9E91DDE-CF8E-4CAD-BE14-8B240C4D57EE}"
EndProject
Project("{FAE04EC0-301F-11D3-BF4B-00C04F79EFBC}") = "Task1Tests", "Task1Tests\Task1Tests.csproj", "{04FD3589-BAE1-42E1-B4D7-B02F4B5DE33F}"
EndProject
Global
	GlobalSection(SolutionConfigurationPlatforms) = preSolution
		Debug|Any CPU = Debug|Any CPU
		Release|Any CPU = Release|Any CPU
	EndGlobalSection
	GlobalSection(ProjectConfigurationPlatforms) = postSolution
		{C9E91DDE-CF8E-4CAD-BE14-8B240C4D57EE}.Debug|Any CPU.ActiveCfg = Debug|Any CPU
		{C9E91DDE-CF8E-4CAD-BE14-8B240C4D57EE}.Debug|Any CPU.Build.0 = Debug|Any CPU
		{C9E91DDE-CF8E-4CAD-BE14-8B240C4D57EE}.Release|Any CPU.ActiveCfg = Release|Any CPU
		{C9E91DDE-CF8E-4CAD-BE14-8B240C4D57EE}.Release|Any CPU.Build.0 = Release|Any CPU
		{04FD3589-BAE1-42E1-B4D7-B02F4B5DE33F}.Debug|Any CPU.ActiveCfg = Debug|Any CPU
		{04FD3589-BAE1-42E1-B4D7-B02F4B5DE33F}.Debug|Any CPU.Build.0 = Debug|Any CPU
		{04FD3589-BAE1-42E1-B4D7-B02F4B5DE33F}.Release|Any CPU.ActiveCfg = Release|Any CPU
		{04FD3589-BAE1-42E1-B4D7-B02F4B5DE33F}.Release|Any CPU.Build.0 = Release|Any CPU
	EndGlobalSection
	GlobalSection(SolutionProperties) = preSolution
		HideSolutionNode = FALSE
	EndGlobalSection
	GlobalSection(ExtensibilityGlobals) = postSolution
		SolutionGuid = {E5668CFA-9701-4C3A-89E0-2BE7970C17F6}
	EndGlobalSection
EndGlobal
